# @generated - this file is auto-generated by `mise lock` https://mise.jdx.dev/dev-tools/mise-lock.html

[[tools.actionlint]]
version = "1.7.10"
backend = "aqua:rhysd/actionlint"

[tools.actionlint."platforms.linux-arm64"]
checksum = "sha256:cd3dfe5f66887ec6b987752d8d9614e59fd22f39415c5ad9f28374623f41773a"
url = "https://github.com/rhysd/actionlint/releases/download/v1.7.10/actionlint_1.7.10_linux_arm64.tar.gz"
url_api = "https://api.github.com/repos/rhysd/actionlint/releases/assets/334518665"

[tools.actionlint."platforms.linux-arm64-musl"]
checksum = "sha256:cd3dfe5f66887ec6b987752d8d9614e59fd22f39415c5ad9f28374623f41773a"
url = "https://github.com/rhysd/actionlint/releases/download/v1.7.10/actionlint_1.7.10_linux_arm64.tar.gz"
url_api = "https://api.github.com/repos/rhysd/actionlint/releases/assets/334518665"

[tools.actionlint."platforms.linux-x64"]
checksum = "sha256:f4c76b71db5755a713e6055cbb0857ed07e103e028bda117817660ebadb4386f"
url = "https://github.com/rhysd/actionlint/releases/download/v1.7.10/actionlint_1.7.10_linux_amd64.tar.gz"
url_api = "https://api.github.com/repos/rhysd/actionlint/releases/assets/334518670"

[tools.actionlint."platforms.linux-x64-musl"]
checksum = "sha256:f4c76b71db5755a713e6055cbb0857ed07e103e028bda117817660ebadb4386f"
url = "https://github.com/rhysd/actionlint/releases/download/v1.7.10/actionlint_1.7.10_linux_amd64.tar.gz"
url_api = "https://api.github.com/repos/rhysd/actionlint/releases/assets/334518670"

[tools.actionlint."platforms.macos-arm64"]
checksum = "sha256:004ca87b367b37f4d75c55ab6cf80f9b8c043adbfbd440f31c604d417939c442"
url = "https://github.com/rhysd/actionlint/releases/download/v1.7.10/actionlint_1.7.10_darwin_arm64.tar.gz"
url_api = "https://api.github.com/repos/rhysd/actionlint/releases/assets/334518663"

[tools.actionlint."platforms.macos-x64"]
checksum = "sha256:16782c41f2af264db80f855ee5d09164ca98fc78edf3bcd0f46eecff279682ba"
url = "https://github.com/rhysd/actionlint/releases/download/v1.7.10/actionlint_1.7.10_darwin_amd64.tar.gz"
url_api = "https://api.github.com/repos/rhysd/actionlint/releases/assets/334518664"

[tools.actionlint."platforms.windows-x64"]
checksum = "sha256:283467f9d6202a8cb8c00ad8dd0ee4e685b71fb86a6a56c68fcbb9ae8ed91237"
url = "https://github.com/rhysd/actionlint/releases/download/v1.7.10/actionlint_1.7.10_windows_amd64.zip"
url_api = "https://api.github.com/repos/rhysd/actionlint/releases/assets/334518677"

[[tools.gitleaks]]
version = "8.30.0"
backend = "aqua:gitleaks/gitleaks"

[tools.gitleaks."platforms.linux-arm64"]
checksum = "sha256:b4cbbb6ddf7d1b2a603088cd03a4e3f7ce48ee7fd449b51f7de6ee2906f5fa2f"
url = "https://github.com/gitleaks/gitleaks/releases/download/v8.30.0/gitleaks_8.30.0_linux_arm64.tar.gz"
url_api = "https://api.github.com/repos/gitleaks/gitleaks/releases/assets/321137500"

[tools.gitleaks."platforms.linux-arm64-musl"]
checksum = "sha256:b4cbbb6ddf7d1b2a603088cd03a4e3f7ce48ee7fd449b51f7de6ee2906f5fa2f"
url = "https://github.com/gitleaks/gitleaks/releases/download/v8.30.0/gitleaks_8.30.0_linux_arm64.tar.gz"
url_api = "https://api.github.com/repos/gitleaks/gitleaks/releases/assets/321137500"

[tools.gitleaks."platforms.linux-x64"]
checksum = "sha256:79a3ab579b53f71efd634f3aaf7e04a0fa0cf206b7ed434638d1547a2470a66e"
url = "https://github.com/gitleaks/gitleaks/releases/download/v8.30.0/gitleaks_8.30.0_linux_x64.tar.gz"
url_api = "https://api.github.com/repos/gitleaks/gitleaks/releases/assets/321137328"

[tools.gitleaks."platforms.linux-x64-musl"]
checksum = "sha256:79a3ab579b53f71efd634f3aaf7e04a0fa0cf206b7ed434638d1547a2470a66e"
url = "https://github.com/gitleaks/gitleaks/releases/download/v8.30.0/gitleaks_8.30.0_linux_x64.tar.gz"
url_api = "https://api.github.com/repos/gitleaks/gitleaks/releases/assets/321137328"

[tools.gitleaks."platforms.macos-arm64"]
checksum = "sha256:b251ab2bcd4cd8ba9e56ff37698c033ebf38582b477d21ebd86586d927cf87e7"
url = "https://github.com/gitleaks/gitleaks/releases/download/v8.30.0/gitleaks_8.30.0_darwin_arm64.tar.gz"
url_api = "https://api.github.com/repos/gitleaks/gitleaks/releases/assets/321137755"

[tools.gitleaks."platforms.macos-x64"]
checksum = "sha256:ca221d012d247080c2f6f61f4b7a83bffa2453806b0c195c795bbe9a8c775ed5"
url = "https://github.com/gitleaks/gitleaks/releases/download/v8.30.0/gitleaks_8.30.0_darwin_x64.tar.gz"
url_api = "https://api.github.com/repos/gitleaks/gitleaks/releases/assets/321137635"

[tools.gitleaks."platforms.windows-x64"]
checksum = "sha256:54fe94f644b832dd08e8c3a5915efb3bfa862386d59fb27ca0792cb687a83573"
url = "https://github.com/gitleaks/gitleaks/releases/download/v8.30.0/gitleaks_8.30.0_windows_x64.zip"
url_api = "https://api.github.com/repos/gitleaks/gitleaks/releases/assets/321137330"

[[tools.go]]
version = "1.26.8"
backend = "core:go"

[tools.go."platforms.linux-arm64"]
checksum = "sha256:211ffced9dcb9633a55eac6364816ec0ddd951389a740e88fa8b3337971bdda0"
url = "https://dl.google.com/go/go1.26.8.linux-arm64.tar.gz"

[tools.go."platforms.linux-arm64-musl"]
checksum = "sha256:211ffced9dcb9633a55eac6364816ec0ddd951389a740e88fa8b3337971bdda0"
url = "https://dl.google.com/go/go1.26.8.linux-arm64.tar.gz"

[tools.go."platforms.linux-x64"]
checksum = "sha256:d0f743b33e8d8945e6b1f432edd15785c70507121d6e2a723b21285eddf8b57b"
url = "https://dl.google.com/go/go1.26.8.linux-amd64.tar.gz"

[tools.go."platforms.linux-x64-musl"]
checksum = "sha256:d0f743b33e8d8945e6b1f432edd15785c70507121d6e2a723b21285eddf8b57b"
url = "https://dl.google.com/go/go1.26.8.linux-amd64.tar.gz"

[tools.go."platforms.macos-arm64"]
checksum = "sha256:a012b25b571bd0138a03dcd25375ceba866fe5ca822f426d2c66a4de56fd3f4b"
url = "https://dl.google.com/go/go1.26.8.darwin-arm64.tar.gz"

[tools.go."platforms.macos-x64"]
checksum = "sha256:186be014105aa6542b767d2c6ed5cca10a0214bdff809ef1724022a8c7894150"
url = "https://dl.google.com/go/go1.26.8.darwin-amd64.tar.gz"

[tools.go."platforms.windows-x64"]
checksum = "sha256:b92c3b2adae85a11ba71fe7216daf0d84e82af4c8ab6c5625807f28622043a59"
url = "https://dl.google.com/go/go1.26.8.windows-amd64.zip"

[[tools.golangci-lint]]
version = "2.13.2"
backend = "aqua:golangci/golangci-lint"

[tools.golangci-lint."platforms.linux-arm64"]
checksum = "sha256:a2a4e0065aa41be71f7c5ac90f271b61751331e5d04314e62afe4027855f0893"
url = "https://github.com/golangci/golangci-lint/releases/download/v2.13.2/golangci-lint-2.13.2-linux-arm64.tar.gz"
url_api = "https://api.github.com/repos/golangci/golangci-lint/releases/assets/532995442"
provenance = "github-attestations"

[tools.golangci-lint."platforms.linux-arm64-musl"]
checksum = "sha256:a2a4e0065aa41be71f7c5ac90f271b61751331e5d04314e62afe4027855f0893"
url = "https://github.com/golangci/golangci-lint/releases/download/v2.13.2/golangci-lint-2.13.2-linux-arm64.tar.gz"
url_api = "https://api.github.com/repos/golangci/golangci-lint/releases/assets/532995442"
provenance = "github-attestations"

[tools.golangci-lint."platforms.linux-x64"]
checksum = "sha256:2277d43b98ec0054280f2ac26b53268bae97682444678a59a657dd565da021d6"
url = "https://github.com/golangci/golangci-lint/releases/download/v2.13.2/golangci-lint-2.13.2-linux-amd64.tar.gz"
url_api = "https://api.github.com/repos/golangci/golangci-lint/releases/assets/532995333"
provenance = "github-attestations"

[tools.golangci-lint."platforms.linux-x64-musl"]
checksum = "sha256:2277d43b98ec0054280f2ac26b53268bae97682444678a59a657dd565da021d6"
url = "https://github.com/golangci/golangci-lint/releases/download/v2.13.2/golangci-lint-2.13.2-linux-amd64.tar.gz"
url_api = "https://api.github.com/repos/golangci/golangci-lint/releases/assets/532995333"
provenance = "github-attestations"

[tools.golangci-lint."platforms.macos-arm64"]
checksum = "sha256:f4bf83f0b64f055c42b28fc9a38861839f69c096e61c788e72dfaae412011789"
url = "https://github.com/golangci/golangci-lint/releases/download/v2.13.2/golangci-lint-2.13.2-darwin-arm64.tar.gz"
url_api = "https://api.github.com/repos/golangci/golangci-lint/releases/assets/532995398"
provenance = "github-attestations"

[tools.golangci-lint."platforms.macos-x64"]
checksum = "sha256:8a13aaf9cbbb1dee52824e862cf0d0720e5bb97c1f4260d1e51623a09492b57b"
url = "https://github.com/golangci/golangci-lint/releases/download/v2.13.2/golangci-lint-2.13.2-darwin-amd64.tar.gz"
url_api = "https://api.github.com/repos/golangci/golangci-lint/releases/assets/532995222"
provenance = "github-attestations"

[tools.golangci-lint."platforms.windows-x64"]
checksum = "sha256:4735fdc8e84a0cfb7a15a1c364a650942f88215e0d36c674ebc4024f7b554524"
url = "https://github.com/golangci/golangci-lint/releases/download/v2.13.2/golangci-lint-2.13.2-windows-amd64.zip"
url_api = "https://api.github.com/repos/golangci/golangci-lint/releases/assets/532995335"
provenance = "github-attestations"

[[tools.trivy]]
version = "0.69.2"
backend = "aqua:aquasecurity/trivy"

[tools.trivy."platforms.linux-arm64"]
checksum = "sha256:c73b97699c317b0d25532b3f188564b4e29d13d5472ce6f8eb078082546a6481"
url = "https://github.com/aquasecurity/trivy/releases/download/v0.69.2/trivy_0.69.2_Linux-ARM64.tar.gz"
url_api = "https://api.github.com/repos/aquasecurity/trivy/releases/assets/364790857"
provenance = "cosign"

[tools.trivy."platforms.linux-arm64-musl"]
checksum = "sha256:c73b97699c317b0d25532b3f188564b4e29d13d5472ce6f8eb078082546a6481"
url = "https://github.com/aquasecurity/trivy/releases/download/v0.69.2/trivy_0.69.2_Linux-ARM64.tar.gz"
url_api = "https://api.github.com/repos/aquasecurity/trivy/releases/assets/364790857"
provenance = "cosign"

[tools.trivy."platforms.linux-x64"]
checksum = "sha256:affa59a1e37d86e4b8ab2cd02f0ab2e63d22f1bf9cf6a7aa326c884e25e26ce3"
url = "https://github.com/aquasecurity/trivy/releases/download/v0.69.2/trivy_0.69.2_Linux-64bit.tar.gz"
url_api = "https://api.github.com/repos/aquasecurity/trivy/releases/assets/364790855"
provenance = "cosign"

[tools.trivy."platforms.linux-x64-musl"]
checksum = "sha256:affa59a1e37d86e4b8ab2cd02f0ab2e63d22f1bf9cf6a7aa326c884e25e26ce3"
url = "https://github.com/aquasecurity/trivy/releases/download/v0.69.2/trivy_0.69.2_Linux-64bit.tar.gz"
url_api = "https://api.github.com/repos/aquasecurity/trivy/releases/assets/364790855"
provenance = "cosign"

[tools.trivy."platforms.macos-arm64"]
checksum = "sha256:320c0e6af90b5733b9326da0834240e944c6f44091e50019abdf584237ff4d0c"
url = "https://github.com/aquasecurity/trivy/releases/download/v0.69.2/trivy_0.69.2_macOS-ARM64.tar.gz"
url_api = "https://api.github.com/repos/aquasecurity/trivy/releases/assets/364790877"
provenance = "cosign"

[tools.trivy."platforms.macos-x64"]
checksum = "sha256:41f6eac3ebe3a00448a16f08038b55ce769fe2d5128cb0d64bdf282cdad4831a"
url = "https://github.com/aquasecurity/trivy/releases/download/v0.69.2/trivy_0.69.2_macOS-64bit.tar.gz"
url_api = "https://api.github.com/repos/aquasecurity/trivy/releases/assets/364790831"
provenance = "cosign"

[tools.trivy."platforms.windows-x64"]
checksum = "sha256:d772fa7c3c1bc52d2914ff78107596fbd20010b5f18bec6f39d63ee3bb31ad45"
url = "https://github.com/aquasecurity/trivy/releases/download/v0.69.2/trivy_0.69.2_windows-64bit.zip"
url_api = "https://api.github.com/repos/aquasecurity/trivy/releases/assets/364790851"
provenance = "cosign"
